// !$*UTF8*$!
{
	archiveVersion = 1;
	classes = {
	};
	objectVersion = 46;
	objects = {

/* Begin PBXBuildFile section */
		7AF924CF185E9964003E38AB /* SVProgressHUD.bundle in Resources */ = {isa = PBXBuildFile; fileRef = 7AF924CC185E9964003E38AB /* SVProgressHUD.bundle */; };
		7AF924D0185E9964003E38AB /* SVProgressHUD.m in Sources */ = {isa = PBXBuildFile; fileRef = 7AF924CE185E9964003E38AB /* SVProgressHUD.m */; };
		7AF924E5185E997A003E38AB /* AFHTTPRequestOperation.m in Sources */ = {isa = PBXBuildFile; fileRef = 7AF924D3185E997A003E38AB /* AFHTTPRequestOperation.m */; };
		7AF924E6185E997A003E38AB /* AFHTTPRequestOperationManager.m in Sources */ = {isa = PBXBuildFile; fileRef = 7AF924D5185E997A003E38AB /* AFHTTPRequestOperationManager.m */; };
		7AF924E7185E997A003E38AB /* AFHTTPSessionManager.m in Sources */ = {isa = PBXBuildFile; fileRef = 7AF924D7185E997A003E38AB /* AFHTTPSessionManager.m */; };
		7AF924E8185E997A003E38AB /* AFNetworkReachabilityManager.m in Sources */ = {isa = PBXBuildFile; fileRef = 7AF924DA185E997A003E38AB /* AFNetworkReachabilityManager.m */; };
		7AF924E9185E997A003E38AB /* AFSecurityPolicy.m in Sources */ = {isa = PBXBuildFile; fileRef = 7AF924DC185E997A003E38AB /* AFSecurityPolicy.m */; };
		7AF924EA185E997A003E38AB /* AFURLConnectionOperation.m in Sources */ = {isa = PBXBuildFile; fileRef = 7AF924DE185E997A003E38AB /* AFURLConnectionOperation.m */; };
		7AF924EB185E997A003E38AB /* AFURLRequestSerialization.m in Sources */ = {isa = PBXBuildFile; fileRef = 7AF924E0185E997A003E38AB /* AFURLRequestSerialization.m */; };
		7AF924EC185E997A003E38AB /* AFURLResponseSerialization.m in Sources */ = {isa = PBXBuildFile; fileRef = 7AF924E2185E997A003E38AB /* AFURLResponseSerialization.m */; };
		7AF924ED185E997A003E38AB /* AFURLSessionManager.m in Sources */ = {isa = PBXBuildFile; fileRef = 7AF924E4185E997A003E38AB /* AFURLSessionManager.m */; };
		7AF924EF185E9BE7003E38AB /* QuartzCore.framework in Frameworks */ = {isa = PBXBuildFile; fileRef = 7AF924EE185E9BE7003E38AB /* QuartzCore.framework */; };
		7AF924F1185E9DE2003E38AB /* SystemConfiguration.framework in Frameworks */ = {isa = PBXBuildFile; fileRef = 7AF924F0185E9DE2003E38AB /* SystemConfiguration.framework */; };
		7AF924F3185E9E1A003E38AB /* Security.framework in Frameworks */ = {isa = PBXBuildFile; fileRef = 7AF924F2185E9E1A003E38AB /* Security.framework */; };
		7AFF177B185AB2C800C7E605 /* assets in Resources */ = {isa = PBXBuildFile; fileRef = 7AFF177A185AB2C800C7E605 /* assets */; };
		7AFF177E185ABB6500C7E605 /* BrandModel.m in Sources */ = {isa = PBXBuildFile; fileRef = 7AFF177D185ABB6500C7E605 /* BrandModel.m */; };
		7AFF1781185ACB9200C7E605 /* BrandCell.m in Sources */ = {isa = PBXBuildFile; fileRef = 7AFF1780185ACB9200C7E605 /* BrandCell.m */; };
		7AFF1784185AE7D300C7E605 /* ModelViewController.m in Sources */ = {isa = PBXBuildFile; fileRef = 7AFF1783185AE7D300C7E605 /* ModelViewController.m */; };
		7AFF1787185AFD7500C7E605 /* ModelDetailViewController.m in Sources */ = {isa = PBXBuildFile; fileRef = 7AFF1786185AFD7500C7E605 /* ModelDetailViewController.m */; };
		BA873C8A1859FDE500BAB4DF /* SelectCarViewController.m in Sources */ = {isa = PBXBuildFile; fileRef = BA873C891859FDE500BAB4DF /* SelectCarViewController.m */; };
		BA8B119F1859E631006C8657 /* UIKit.framework in Frameworks */ = {isa = PBXBuildFile; fileRef = BA8B119E1859E631006C8657 /* UIKit.framework */; };
		BA8B11A11859E631006C8657 /* Foundation.framework in Frameworks */ = {isa = PBXBuildFile; fileRef = BA8B11A01859E631006C8657 /* Foundation.framework */; };
		BA8B11A31859E631006C8657 /* CoreGraphics.framework in Frameworks */ = {isa = PBXBuildFile; fileRef = BA8B11A21859E631006C8657 /* CoreGraphics.framework */; };
		BA8B11A91859E631006C8657 /* InfoPlist.strings in Resources */ = {isa = PBXBuildFile; fileRef = BA8B11A71859E631006C8657 /* InfoPlist.strings */; };
		BA8B11AB1859E631006C8657 /* main.m in Sources */ = {isa = PBXBuildFile; fileRef = BA8B11AA1859E631006C8657 /* main.m */; };
		BA8B11AF1859E631006C8657 /* AppDelegate.m in Sources */ = {isa = PBXBuildFile; fileRef = BA8B11AE1859E631006C8657 /* AppDelegate.m */; };
		BA8B11B11859E631006C8657 /* Default.png in Resources */ = {isa = PBXBuildFile; fileRef = BA8B11B01859E631006C8657 /* Default.png */; };
		BA8B11B31859E631006C8657 /* Default@2x.png in Resources */ = {isa = PBXBuildFile; fileRef = BA8B11B21859E631006C8657 /* Default@2x.png */; };
		BA8B11B51859E631006C8657 /* Default-568h@2x.png in Resources */ = {isa = PBXBuildFile; fileRef = BA8B11B41859E631006C8657 /* Default-568h@2x.png */; };
		BA8B11B81859E631006C8657 /* MainStoryboard.storyboard in Resources */ = {isa = PBXBuildFile; fileRef = BA8B11B61859E631006C8657 /* MainStoryboard.storyboard */; };
		BA8B11BB1859E631006C8657 /* MianViewController.m in Sources */ = {isa = PBXBuildFile; fileRef = BA8B11BA1859E631006C8657 /* MianViewController.m */; };
/* End PBXBuildFile section */

/* Begin PBXFileReference section */
		7AF924CB185E9964003E38AB /* SVProgressHUD-Prefix.pch */ = {isa = PBXFileReference; fileEncoding = 4; lastKnownFileType = sourcecode.c.h; path = "SVProgressHUD-Prefix.pch"; sourceTree = "<group>"; };
		7AF924CC185E9964003E38AB /* SVProgressHUD.bundle */ = {isa = PBXFileReference; lastKnownFileType = "wrapper.plug-in"; path = SVProgressHUD.bundle; sourceTree = "<group>"; };
		7AF924CD185E9964003E38AB /* SVProgressHUD.h */ = {isa = PBXFileReference; fileEncoding = 4; lastKnownFileType = sourcecode.c.h; path = SVProgressHUD.h; sourceTree = "<group>"; };
		7AF924CE185E9964003E38AB /* SVProgressHUD.m */ = {isa = PBXFileReference; fileEncoding = 4; lastKnownFileType = sourcecode.c.objc; path = SVProgressHUD.m; sourceTree = "<group>"; };
		7AF924D2185E997A003E38AB /* AFHTTPRequestOperation.h */ = {isa = PBXFileReference; fileEncoding = 4; lastKnownFileType = sourcecode.c.h; path = AFHTTPRequestOperation.h; sourceTree = "<group>"; };
		7AF924D3185E997A003E38AB /* AFHTTPRequestOperation.m */ = {isa = PBXFileReference; fileEncoding = 4; lastKnownFileType = sourcecode.c.objc; path = AFHTTPRequestOperation.m; sourceTree = "<group>"; };
		7AF924D4185E997A003E38AB /* AFHTTPRequestOperationManager.h */ = {isa = PBXFileReference; fileEncoding = 4; lastKnownFileType = sourcecode.c.h; path = AFHTTPRequestOperationManager.h; sourceTree = "<group>"; };
		7AF924D5185E997A003E38AB /* AFHTTPRequestOperationManager.m */ = {isa = PBXFileReference; fileEncoding = 4; lastKnownFileType = sourcecode.c.objc; path = AFHTTPRequestOperationManager.m; sourceTree = "<group>"; };
		7AF924D6185E997A003E38AB /* AFHTTPSessionManager.h */ = {isa = PBXFileReference; fileEncoding = 4; lastKnownFileType = sourcecode.c.h; path = AFHTTPSessionManager.h; sourceTree = "<group>"; };
		7AF924D7185E997A003E38AB /* AFHTTPSessionManager.m */ = {isa = PBXFileReference; fileEncoding = 4; lastKnownFileType = sourcecode.c.objc; path = AFHTTPSessionManager.m; sourceTree = "<group>"; };
		7AF924D8185E997A003E38AB /* AFNetworking.h */ = {isa = PBXFileReference; fileEncoding = 4; lastKnownFileType = sourcecode.c.h; path = AFNetworking.h; sourceTree = "<group>"; };
		7AF924D9185E997A003E38AB /* AFNetworkReachabilityManager.h */ = {isa = PBXFileReference; fileEncoding = 4; lastKnownFileType = sourcecode.c.h; path = AFNetworkReachabilityManager.h; sourceTree = "<group>"; };
		7AF924DA185E997A003E38AB /* AFNetworkReachabilityManager.m */ = {isa = PBXFileReference; fileEncoding = 4; lastKnownFileType = sourcecode.c.objc; path = AFNetworkReachabilityManager.m; sourceTree = "<group>"; };
		7AF924DB185E997A003E38AB /* AFSecurityPolicy.h */ = {isa = PBXFileReference; fileEncoding = 4; lastKnownFileType = sourcecode.c.h; path = AFSecurityPolicy.h; sourceTree = "<group>"; };
		7AF924DC185E997A003E38AB /* AFSecurityPolicy.m */ = {isa = PBXFileReference; fileEncoding = 4; lastKnownFileType = sourcecode.c.objc; path = AFSecurityPolicy.m; sourceTree = "<group>"; };
		7AF924DD185E997A003E38AB /* AFURLConnectionOperation.h */ = {isa = PBXFileReference; fileEncoding = 4; lastKnownFileType = sourcecode.c.h; path = AFURLConnectionOperation.h; sourceTree = "<group>"; };
		7AF924DE185E997A003E38AB /* AFURLConnectionOperation.m */ = {isa = PBXFileReference; fileEncoding = 4; lastKnownFileType = sourcecode.c.objc; path = AFURLConnectionOperation.m; sourceTree = "<group>"; };
		7AF924DF185E997A003E38AB /* AFURLRequestSerialization.h */ = {isa = PBXFileReference; fileEncoding = 4; lastKnownFileType = sourcecode.c.h; path = AFURLRequestSerialization.h; sourceTree = "<group>"; };
		7AF924E0185E997A003E38AB /* AFURLRequestSerialization.m */ = {isa = PBXFileReference; fileEncoding = 4; lastKnownFileType = sourcecode.c.objc; path = AFURLRequestSerialization.m; sourceTree = "<group>"; };
		7AF924E1185E997A003E38AB /* AFURLResponseSerialization.h */ = {isa = PBXFileReference; fileEncoding = 4; lastKnownFileType = sourcecode.c.h; path = AFURLResponseSerialization.h; sourceTree = "<group>"; };
		7AF924E2185E997A003E38AB /* AFURLResponseSerialization.m */ = {isa = PBXFileReference; fileEncoding = 4; lastKnownFileType = sourcecode.c.objc; path = AFURLResponseSerialization.m; sourceTree = "<group>"; };
		7AF924E3185E997A003E38AB /* AFURLSessionManager.h */ = {isa = PBXFileReference; fileEncoding = 4; lastKnownFileType = sourcecode.c.h; path = AFURLSessionManager.h; sourceTree = "<group>"; };
		7AF924E4185E997A003E38AB /* AFURLSessionManager.m */ = {isa = PBXFileReference; fileEncoding = 4; lastKnownFileType = sourcecode.c.objc; path = AFURLSessionManager.m; sourceTree = "<group>"; };
		7AF924EE185E9BE7003E38AB /* QuartzCore.framework */ = {isa = PBXFileReference; lastKnownFileType = wrapper.framework; name = QuartzCore.framework; path = System/Library/Frameworks/QuartzCore.framework; sourceTree = SDKROOT; };
		7AF924F0185E9DE2003E38AB /* SystemConfiguration.framework */ = {isa = PBXFileReference; lastKnownFileType = wrapper.framework; name = SystemConfiguration.framework; path = System/Library/Frameworks/SystemConfiguration.framework; sourceTree = SDKROOT; };
		7AF924F2185E9E1A003E38AB /* Security.framework */ = {isa = PBXFileReference; lastKnownFileType = wrapper.framework; name = Security.framework; path = System/Library/Frameworks/Security.framework; sourceTree = SDKROOT; };
		7AFF177A185AB2C800C7E605 /* assets */ = {isa = PBXFileReference; lastKnownFileType = folder; path = assets; sourceTree = "<group>"; };
		7AFF177C185ABB6500C7E605 /* BrandModel.h */ = {isa = PBXFileReference; fileEncoding = 4; lastKnownFileType = sourcecode.c.h; path = BrandModel.h; sourceTree = "<group>"; };
		7AFF177D185ABB6500C7E605 /* BrandModel.m */ = {isa = PBXFileReference; fileEncoding = 4; lastKnownFileType = sourcecode.c.objc; path = BrandModel.m; sourceTree = "<group>"; };
		7AFF177F185ACB9200C7E605 /* BrandCell.h */ = {isa = PBXFileReference; fileEncoding = 4; lastKnownFileType = sourcecode.c.h; path = BrandCell.h; sourceTree = "<group>"; };
		7AFF1780185ACB9200C7E605 /* BrandCell.m */ = {isa = PBXFileReference; fileEncoding = 4; lastKnownFileType = sourcecode.c.objc; path = BrandCell.m; sourceTree = "<group>"; };
		7AFF1782185AE7D300C7E605 /* ModelViewController.h */ = {isa = PBXFileReference; fileEncoding = 4; lastKnownFileType = sourcecode.c.h; path = ModelViewController.h; sourceTree = "<group>"; };
		7AFF1783185AE7D300C7E605 /* ModelViewController.m */ = {isa = PBXFileReference; fileEncoding = 4; lastKnownFileType = sourcecode.c.objc; path = ModelViewController.m; sourceTree = "<group>"; };
		7AFF1785185AFD7500C7E605 /* ModelDetailViewController.h */ = {isa = PBXFileReference; fileEncoding = 4; lastKnownFileType = sourcecode.c.h; path = ModelDetailViewController.h; sourceTree = "<group>"; };
		7AFF1786185AFD7500C7E605 /* ModelDetailViewController.m */ = {isa = PBXFileReference; fileEncoding = 4; lastKnownFileType = sourcecode.c.objc; path = ModelDetailViewController.m; sourceTree = "<group>"; };
		BA873C881859FDE500BAB4DF /* SelectCarViewController.h */ = {isa = PBXFileReference; fileEncoding = 4; lastKnownFileType = sourcecode.c.h; path = SelectCarViewController.h; sourceTree = "<group>"; };
		BA873C891859FDE500BAB4DF /* SelectCarViewController.m */ = {isa = PBXFileReference; fileEncoding = 4; lastKnownFileType = sourcecode.c.objc; path = SelectCarViewController.m; sourceTree = "<group>"; };
		BA8B119B1859E631006C8657 /* gongpingjia.app */ = {isa = PBXFileReference; explicitFileType = wrapper.application; includeInIndex = 0; path = gongpingjia.app; sourceTree = BUILT_PRODUCTS_DIR; };
		BA8B119E1859E631006C8657 /* UIKit.framework */ = {isa = PBXFileReference; lastKnownFileType = wrapper.framework; name = UIKit.framework; path = System/Library/Frameworks/UIKit.framework; sourceTree = SDKROOT; };
		BA8B11A01859E631006C8657 /* Foundation.framework */ = {isa = PBXFileReference; lastKnownFileType = wrapper.framework; name = Foundation.framework; path = System/Library/Frameworks/Foundation.framework; sourceTree = SDKROOT; };
		BA8B11A21859E631006C8657 /* CoreGraphics.framework */ = {isa = PBXFileReference; lastKnownFileType = wrapper.framework; name = CoreGraphics.framework; path = System/Library/Frameworks/CoreGraphics.framework; sourceTree = SDKROOT; };
		BA8B11A61859E631006C8657 /* gongpingjia-Info.plist */ = {isa = PBXFileReference; lastKnownFileType = text.plist.xml; path = "gongpingjia-Info.plist"; sourceTree = "<group>"; };
		BA8B11A81859E631006C8657 /* en */ = {isa = PBXFileReference; lastKnownFileType = text.plist.strings; name = en; path = en.lproj/InfoPlist.strings; sourceTree = "<group>"; };
		BA8B11AA1859E631006C8657 /* main.m */ = {isa = PBXFileReference; lastKnownFileType = sourcecode.c.objc; path = main.m; sourceTree = "<group>"; };
		BA8B11AC1859E631006C8657 /* gongpingjia-Prefix.pch */ = {isa = PBXFileReference; lastKnownFileType = sourcecode.c.h; path = "gongpingjia-Prefix.pch"; sourceTree = "<group>"; };
		BA8B11AD1859E631006C8657 /* AppDelegate.h */ = {isa = PBXFileReference; lastKnownFileType = sourcecode.c.h; path = AppDelegate.h; sourceTree = "<group>"; };
		BA8B11AE1859E631006C8657 /* AppDelegate.m */ = {isa = PBXFileReference; lastKnownFileType = sourcecode.c.objc; path = AppDelegate.m; sourceTree = "<group>"; };
		BA8B11B01859E631006C8657 /* Default.png */ = {isa = PBXFileReference; lastKnownFileType = image.png; path = Default.png; sourceTree = "<group>"; };
		BA8B11B21859E631006C8657 /* Default@2x.png */ = {isa = PBXFileReference; lastKnownFileType = image.png; path = "Default@2x.png"; sourceTree = "<group>"; };
		BA8B11B41859E631006C8657 /* Default-568h@2x.png */ = {isa = PBXFileReference; lastKnownFileType = image.png; path = "Default-568h@2x.png"; sourceTree = "<group>"; };
		BA8B11B71859E631006C8657 /* en */ = {isa = PBXFileReference; lastKnownFileType = file.storyboard; name = en; path = en.lproj/MainStoryboard.storyboard; sourceTree = "<group>"; };
		BA8B11B91859E631006C8657 /* MianViewController.h */ = {isa = PBXFileReference; lastKnownFileType = sourcecode.c.h; path = MianViewController.h; sourceTree = "<group>"; };
		BA8B11BA1859E631006C8657 /* MianViewController.m */ = {isa = PBXFileReference; lastKnownFileType = sourcecode.c.objc; path = MianViewController.m; sourceTree = "<group>"; };
/* End PBXFileReference section */

/* Begin PBXFrameworksBuildPhase section */
		BA8B11981859E631006C8657 /* Frameworks */ = {
			isa = PBXFrameworksBuildPhase;
			buildActionMask = 2147483647;
			files = (
				7AF924F3185E9E1A003E38AB /* Security.framework in Frameworks */,
				7AF924F1185E9DE2003E38AB /* SystemConfiguration.framework in Frameworks */,
				7AF924EF185E9BE7003E38AB /* QuartzCore.framework in Frameworks */,
				BA8B119F1859E631006C8657 /* UIKit.framework in Frameworks */,
				BA8B11A11859E631006C8657 /* Foundation.framework in Frameworks */,
				BA8B11A31859E631006C8657 /* CoreGraphics.framework in Frameworks */,
			);
			runOnlyForDeploymentPostprocessing = 0;
		};
/* End PBXFrameworksBuildPhase section */

/* Begin PBXGroup section */
		7AF924CA185E9964003E38AB /* SVProgressHUD */ = {
			isa = PBXGroup;
			children = (
				7AF924CB185E9964003E38AB /* SVProgressHUD-Prefix.pch */,
				7AF924CC185E9964003E38AB /* SVProgressHUD.bundle */,
				7AF924CD185E9964003E38AB /* SVProgressHUD.h */,
				7AF924CE185E9964003E38AB /* SVProgressHUD.m */,
			);
			path = SVProgressHUD;
			sourceTree = "<group>";
		};
		7AF924D1185E997A003E38AB /* AFNetworking */ = {
			isa = PBXGroup;
			children = (
				7AF924D2185E997A003E38AB /* AFHTTPRequestOperation.h */,
				7AF924D3185E997A003E38AB /* AFHTTPRequestOperation.m */,
				7AF924D4185E997A003E38AB /* AFHTTPRequestOperationManager.h */,
				7AF924D5185E997A003E38AB /* AFHTTPRequestOperationManager.m */,
				7AF924D6185E997A003E38AB /* AFHTTPSessionManager.h */,
				7AF924D7185E997A003E38AB /* AFHTTPSessionManager.m */,
				7AF924D8185E997A003E38AB /* AFNetworking.h */,
				7AF924D9185E997A003E38AB /* AFNetworkReachabilityManager.h */,
				7AF924DA185E997A003E38AB /* AFNetworkReachabilityManager.m */,
				7AF924DB185E997A003E38AB /* AFSecurityPolicy.h */,
				7AF924DC185E997A003E38AB /* AFSecurityPolicy.m */,
				7AF924DD185E997A003E38AB /* AFURLConnectionOperation.h */,
				7AF924DE185E997A003E38AB /* AFURLConnectionOperation.m */,
				7AF924DF185E997A003E38AB /* AFURLRequestSerialization.h */,
				7AF924E0185E997A003E38AB /* AFURLRequestSerialization.m */,
				7AF924E1185E997A003E38AB /* AFURLResponseSerialization.h */,
				7AF924E2185E997A003E38AB /* AFURLResponseSerialization.m */,
				7AF924E3185E997A003E38AB /* AFURLSessionManager.h */,
				7AF924E4185E997A003E38AB /* AFURLSessionManager.m */,
			);
			path = AFNetworking;
			sourceTree = "<group>";
		};
		BA8B11921859E631006C8657 = {
			isa = PBXGroup;
			children = (
				BA8B11A41859E631006C8657 /* gongpingjia */,
				BA8B119D1859E631006C8657 /* Frameworks */,
				BA8B119C1859E631006C8657 /* Products */,
			);
			sourceTree = "<group>";
		};
		BA8B119C1859E631006C8657 /* Products */ = {
			isa = PBXGroup;
			children = (
				BA8B119B1859E631006C8657 /* gongpingjia.app */,
			);
			name = Products;
			sourceTree = "<group>";
		};
		BA8B119D1859E631006C8657 /* Frameworks */ = {
			isa = PBXGroup;
			children = (
				7AF924F2185E9E1A003E38AB /* Security.framework */,
				7AF924F0185E9DE2003E38AB /* SystemConfiguration.framework */,
				7AF924EE185E9BE7003E38AB /* QuartzCore.framework */,
				BA8B119E1859E631006C8657 /* UIKit.framework */,
				BA8B11A01859E631006C8657 /* Foundation.framework */,
				BA8B11A21859E631006C8657 /* CoreGraphics.framework */,
			);
			name = Frameworks;
			sourceTree = "<group>";
		};
		BA8B11A41859E631006C8657 /* gongpingjia */ = {
			isa = PBXGroup;
			children = (
				7AF924D1185E997A003E38AB /* AFNetworking */,
				7AF924CA185E9964003E38AB /* SVProgressHUD */,
				7AFF177A185AB2C800C7E605 /* assets */,
				BA8B11AD1859E631006C8657 /* AppDelegate.h */,
				BA8B11AE1859E631006C8657 /* AppDelegate.m */,
				BA8B11B61859E631006C8657 /* MainStoryboard.storyboard */,
				BA8B11B91859E631006C8657 /* MianViewController.h */,
				BA8B11BA1859E631006C8657 /* MianViewController.m */,
				BA8B11A51859E631006C8657 /* Supporting Files */,
				BA873C881859FDE500BAB4DF /* SelectCarViewController.h */,
				BA873C891859FDE500BAB4DF /* SelectCarViewController.m */,
				7AFF177C185ABB6500C7E605 /* BrandModel.h */,
				7AFF177D185ABB6500C7E605 /* BrandModel.m */,
				7AFF177F185ACB9200C7E605 /* BrandCell.h */,
				7AFF1780185ACB9200C7E605 /* BrandCell.m */,
				7AFF1782185AE7D300C7E605 /* ModelViewController.h */,
				7AFF1783185AE7D300C7E605 /* ModelViewController.m */,
				7AFF1785185AFD7500C7E605 /* ModelDetailViewController.h */,
				7AFF1786185AFD7500C7E605 /* ModelDetailViewController.m */,
			);
			path = gongpingjia;
			sourceTree = "<group>";
		};
		BA8B11A51859E631006C8657 /* Supporting Files */ = {
			isa = PBXGroup;
			children = (
				BA8B11A61859E631006C8657 /* gongpingjia-Info.plist */,
				BA8B11A71859E631006C8657 /* InfoPlist.strings */,
				BA8B11AA1859E631006C8657 /* main.m */,
				BA8B11AC1859E631006C8657 /* gongpingjia-Prefix.pch */,
				BA8B11B01859E631006C8657 /* Default.png */,
				BA8B11B21859E631006C8657 /* Default@2x.png */,
				BA8B11B41859E631006C8657 /* Default-568h@2x.png */,
			);
			name = "Supporting Files";
			sourceTree = "<group>";
		};
/* End PBXGroup section */

/* Begin PBXNativeTarget section */
		BA8B119A1859E631006C8657 /* gongpingjia */ = {
			isa = PBXNativeTarget;
			buildConfigurationList = BA8B11BE1859E631006C8657 /* Build configuration list for PBXNativeTarget "gongpingjia" */;
			buildPhases = (
				BA8B11971859E631006C8657 /* Sources */,
				BA8B11981859E631006C8657 /* Frameworks */,
				BA8B11991859E631006C8657 /* Resources */,
			);
			buildRules = (
			);
			dependencies = (
			);
			name = gongpingjia;
			productName = gongpingjia;
			productReference = BA8B119B1859E631006C8657 /* gongpingjia.app */;
			productType = "com.apple.product-type.application";
		};
/* End PBXNativeTarget section */

/* Begin PBXProject section */
		BA8B11931859E631006C8657 /* Project object */ = {
			isa = PBXProject;
			attributes = {
				LastUpgradeCheck = 0460;
				ORGANIZATIONNAME = gongpingjia;
			};
			buildConfigurationList = BA8B11961859E631006C8657 /* Build configuration list for PBXProject "gongpingjia" */;
			compatibilityVersion = "Xcode 3.2";
			developmentRegion = English;
			hasScannedForEncodings = 0;
			knownRegions = (
				en,
			);
			mainGroup = BA8B11921859E631006C8657;
			productRefGroup = BA8B119C1859E631006C8657 /* Products */;
			projectDirPath = "";
			projectRoot = "";
			targets = (
				BA8B119A1859E631006C8657 /* gongpingjia */,
			);
		};
/* End PBXProject section */

/* Begin PBXResourcesBuildPhase section */
		BA8B11991859E631006C8657 /* Resources */ = {
			isa = PBXResourcesBuildPhase;
			buildActionMask = 2147483647;
			files = (
				7AF924CF185E9964003E38AB /* SVProgressHUD.bundle in Resources */,
				BA8B11A91859E631006C8657 /* InfoPlist.strings in Resources */,
				BA8B11B11859E631006C8657 /* Default.png in Resources */,
				BA8B11B31859E631006C8657 /* Default@2x.png in Resources */,
				7AFF177B185AB2C800C7E605 /* assets in Resources */,
				BA8B11B51859E631006C8657 /* Default-568h@2x.png in Resources */,
				BA8B11B81859E631006C8657 /* MainStoryboard.storyboard in Resources */,
			);
			runOnlyForDeploymentPostprocessing = 0;
		};
/* End PBXResourcesBuildPhase section */

/* Begin PBXSourcesBuildPhase section */
		BA8B11971859E631006C8657 /* Sources */ = {
			isa = PBXSourcesBuildPhase;
			buildActionMask = 2147483647;
			files = (
				7AF924E9185E997A003E38AB /* AFSecurityPolicy.m in Sources */,
				7AFF177E185ABB6500C7E605 /* BrandModel.m in Sources */,
				7AF924E8185E997A003E38AB /* AFNetworkReachabilityManager.m in Sources */,
				7AFF1787185AFD7500C7E605 /* ModelDetailViewController.m in Sources */,
				7AF924EA185E997A003E38AB /* AFURLConnectionOperation.m in Sources */,
				7AF924E5185E997A003E38AB /* AFHTTPRequestOperation.m in Sources */,
				7AF924E7185E997A003E38AB /* AFHTTPSessionManager.m in Sources */,
				7AF924EB185E997A003E38AB /* AFURLRequestSerialization.m in Sources */,
				7AFF1781185ACB9200C7E605 /* BrandCell.m in Sources */,
				7AF924ED185E997A003E38AB /* AFURLSessionManager.m in Sources */,
				BA8B11AB1859E631006C8657 /* main.m in Sources */,
				7AF924E6185E997A003E38AB /* AFHTTPRequestOperationManager.m in Sources */,
				7AFF1784185AE7D300C7E605 /* ModelViewController.m in Sources */,
				7AF924EC185E997A003E38AB /* AFURLResponseSerialization.m in Sources */,
				7AF924D0185E9964003E38AB /* SVProgressHUD.m in Sources */,
				BA8B11AF1859E631006C8657 /* AppDelegate.m in Sources */,
				BA8B11BB1859E631006C8657 /* MianViewController.m in Sources */,
				BA873C8A1859FDE500BAB4DF /* SelectCarViewController.m in Sources */,
			);
			runOnlyForDeploymentPostprocessing = 0;
		};
/* End PBXSourcesBuildPhase section */

/* Begin PBXVariantGroup section */
		BA8B11A71859E631006C8657 /* InfoPlist.strings */ = {
			isa = PBXVariantGroup;
			children = (
				BA8B11A81859E631006C8657 /* en */,
			);
			name = InfoPlist.strings;
			sourceTree = "<group>";
		};
		BA8B11B61859E631006C8657 /* MainStoryboard.storyboard */ = {
			isa = PBXVariantGroup;
			children = (
				BA8B11B71859E631006C8657 /* en */,
			);
			name = MainStoryboard.storyboard;
			sourceTree = "<group>";
		};
/* End PBXVariantGroup section */

/* Begin XCBuildConfiguration section */
		BA8B11BC1859E631006C8657 /* Debug */ = {
			isa = XCBuildConfiguration;
			buildSettings = {
				ALWAYS_SEARCH_USER_PATHS = NO;
				CLANG_CXX_LANGUAGE_STANDARD = "gnu++0x";
				CLANG_CXX_LIBRARY = "libc++";
				CLANG_ENABLE_OBJC_ARC = YES;
				CLANG_WARN_CONSTANT_CONVERSION = YES;
				CLANG_WARN_EMPTY_BODY = YES;
				CLANG_WARN_ENUM_CONVERSION = YES;
				CLANG_WARN_INT_CONVERSION = YES;
				CLANG_WARN__DUPLICATE_METHOD_MATCH = YES;
				"CODE_SIGN_IDENTITY[sdk=iphoneos*]" = "iPhone Developer";
				COPY_PHASE_STRIP = NO;
				GCC_C_LANGUAGE_STANDARD = gnu99;
				GCC_DYNAMIC_NO_PIC = NO;
				GCC_OPTIMIZATION_LEVEL = 0;
				GCC_PREPROCESSOR_DEFINITIONS = (
					"DEBUG=1",
					"$(inherited)",
				);
				GCC_SYMBOLS_PRIVATE_EXTERN = NO;
				GCC_WARN_ABOUT_RETURN_TYPE = YES;
				GCC_WARN_UNINITIALIZED_AUTOS = YES;
				GCC_WARN_UNUSED_VARIABLE = YES;
				IPHONEOS_DEPLOYMENT_TARGET = 6.1;
				ONLY_ACTIVE_ARCH = YES;
				SDKROOT = iphoneos;
			};
			name = Debug;
		};
		BA8B11BD1859E631006C8657 /* Release */ = {
			isa = XCBuildConfiguration;
			buildSettings = {
				ALWAYS_SEARCH_USER_PATHS = NO;
				CLANG_CXX_LANGUAGE_STANDARD = "gnu++0x";
				CLANG_CXX_LIBRARY = "libc++";
				CLANG_ENABLE_OBJC_ARC = YES;
				CLANG_WARN_CONSTANT_CONVERSION = YES;
				CLANG_WARN_EMPTY_BODY = YES;
				CLANG_WARN_ENUM_CONVERSION = YES;
				CLANG_WARN_INT_CONVERSION = YES;
				CLANG_WARN__DUPLICATE_METHOD_MATCH = YES;
				"CODE_SIGN_IDENTITY[sdk=iphoneos*]" = "iPhone Developer";
				COPY_PHASE_STRIP = YES;
				GCC_C_LANGUAGE_STANDARD = gnu99;
				GCC_WARN_ABOUT_RETURN_TYPE = YES;
				GCC_WARN_UNINITIALIZED_AUTOS = YES;
				GCC_WARN_UNUSED_VARIABLE = YES;
				IPHONEOS_DEPLOYMENT_TARGET = 6.1;
				OTHER_CFLAGS = "-DNS_BLOCK_ASSERTIONS=1";
				SDKROOT = iphoneos;
				VALIDATE_PRODUCT = YES;
			};
			name = Release;
		};
		BA8B11BF1859E631006C8657 /* Debug */ = {
			isa = XCBuildConfiguration;
			buildSettings = {
				GCC_PRECOMPILE_PREFIX_HEADER = YES;
				GCC_PREFIX_HEADER = "gongpingjia/gongpingjia-Prefix.pch";
				INFOPLIST_FILE = "gongpingjia/gongpingjia-Info.plist";
				PRODUCT_NAME = "$(TARGET_NAME)";
				WRAPPER_EXTENSION = app;
			};
			name = Debug;
		};
		BA8B11C01859E631006C8657 /* Release */ = {
			isa = XCBuildConfiguration;
			buildSettings = {
				GCC_PRECOMPILE_PREFIX_HEADER = YES;
				GCC_PREFIX_HEADER = "gongpingjia/gongpingjia-Prefix.pch";
				INFOPLIST_FILE = "gongpingjia/gongpingjia-Info.plist";
				PRODUCT_NAME = "$(TARGET_NAME)";
				WRAPPER_EXTENSION = app;
			};
			name = Release;
		};
/* End XCBuildConfiguration section */

/* Begin XCConfigurationList section */
		BA8B11961859E631006C8657 /* Build configuration list for PBXProject "gongpingjia" */ = {
			isa = XCConfigurationList;
			buildConfigurations = (
				BA8B11BC1859E631006C8657 /* Debug */,
				BA8B11BD1859E631006C8657 /* Release */,
			);
			defaultConfigurationIsVisible = 0;
			defaultConfigurationName = Release;
		};
		BA8B11BE1859E631006C8657 /* Build configuration list for PBXNativeTarget "gongpingjia" */ = {
			isa = XCConfigurationList;
			buildConfigurations = (
				BA8B11BF1859E631006C8657 /* Debug */,
				BA8B11C01859E631006C8657 /* Release */,
			);
			defaultConfigurationIsVisible = 0;
			defaultConfigurationName = Release;
		};
/* End XCConfigurationList section */
	};
	rootObject = BA8B11931859E631006C8657 /* Project object */;
}
